
Microsoft Visual Studio Solution File, Format Version 12.00
# Visual Studio Version 17
VisualStudioVersion = 17.4.33205.214
MinimumVisualStudioVersion = 10.0.40219.1
Project("{9A19103F-16F7-4668-BE54-9A1E7A4F7556}") = "RawStringLiterals", "RawStringLiterals\RawStringLiterals.csproj", "{0CEF5F6E-2128-42CA-8D7D-AF6E0C60FE5E}"
EndProject
Project("{9A19103F-16F7-4668-BE54-9A1E7A4F7556}") = "GenericAttributes", "GenericAttributes\GenericAttributes.csproj", "{ECF959D4-DD2C-4772-8AF3-F453A80C6876}"
EndProject
Project("{9A19103F-16F7-4668-BE54-9A1E7A4F7556}") = "UTF8_StringLiterals", "UTF8_StringLiterals\UTF8_StringLiterals.csproj", "{DCE822AC-AB1F-4CF2-BD2D-578D23D7A7EA}"
EndProject
Project("{9A19103F-16F7-4668-BE54-9A1E7A4F7556}") = "ListPatterns", "ListPatterns\ListPatterns.csproj", "{E45626CD-28CD-4313-910C-83AE237AB1CC}"
EndProject
Project("{9A19103F-16F7-4668-BE54-9A1E7A4F7556}") = "FileLocalType", "FileLocalType\FileLocalType.csproj", "{EE75BE5D-5FD0-4BFD-A961-12A0CE910C02}"
EndProject
Project("{9A19103F-16F7-4668-BE54-9A1E7A4F7556}") = "RequiredMembers", "RequiredMembers\RequiredMembers.csproj", "{145616B2-3562-460C-8F25-08AD5DC7E511}"
EndProject
Project("{9A19103F-16F7-4668-BE54-9A1E7A4F7556}") = "AutoDefaultStructIn7", "AutoDefaultStructIn7\AutoDefaultStructIn7.csproj", "{65DD4DA8-E860-4297-9B6B-2F2C7C8EADB5}"
EndProject
Project("{9A19103F-16F7-4668-BE54-9A1E7A4F7556}") = "NameOfScope", "NameOfScope\NameOfScope.csproj", "{228E8B4B-31AA-4F91-B167-BD2FDA23B993}"
EndProject
Project("{9A19103F-16F7-4668-BE54-9A1E7A4F7556}") = "GenericMathSupport", "GenericMathSupport\GenericMathSupport.csproj", "{3A707E77-7CCD-489C-9EDF-D0DA1EC1410D}"
EndProject
Project("{9A19103F-16F7-4668-BE54-9A1E7A4F7556}") = "Newlines_String_Interpolations", "Newlines_String_Interpolations\Newlines_String_Interpolations.csproj", "{58184F25-7D04-4424-B5D0-6F6AB25BBD3D}"
EndProject
Global
	GlobalSection(SolutionConfigurationPlatforms) = preSolution
		Debug|Any CPU = Debug|Any CPU
		Release|Any CPU = Release|Any CPU
	EndGlobalSection
	GlobalSection(ProjectConfigurationPlatforms) = postSolution
		{0CEF5F6E-2128-42CA-8D7D-AF6E0C60FE5E}.Debug|Any CPU.ActiveCfg = Debug|Any CPU
		{0CEF5F6E-2128-42CA-8D7D-AF6E0C60FE5E}.Debug|Any CPU.Build.0 = Debug|Any CPU
		{0CEF5F6E-2128-42CA-8D7D-AF6E0C60FE5E}.Release|Any CPU.ActiveCfg = Release|Any CPU
		{0CEF5F6E-2128-42CA-8D7D-AF6E0C60FE5E}.Release|Any CPU.Build.0 = Release|Any CPU
		{ECF959D4-DD2C-4772-8AF3-F453A80C6876}.Debug|Any CPU.ActiveCfg = Debug|Any CPU
		{ECF959D4-DD2C-4772-8AF3-F453A80C6876}.Debug|Any CPU.Build.0 = Debug|Any CPU
		{ECF959D4-DD2C-4772-8AF3-F453A80C6876}.Release|Any CPU.ActiveCfg = Release|Any CPU
		{ECF959D4-DD2C-4772-8AF3-F453A80C6876}.Release|Any CPU.Build.0 = Release|Any CPU
		{DCE822AC-AB1F-4CF2-BD2D-578D23D7A7EA}.Debug|Any CPU.ActiveCfg = Debug|Any CPU
		{DCE822AC-AB1F-4CF2-BD2D-578D23D7A7EA}.Debug|Any CPU.Build.0 = Debug|Any CPU
		{DCE822AC-AB1F-4CF2-BD2D-578D23D7A7EA}.Release|Any CPU.ActiveCfg = Release|Any CPU
		{DCE822AC-AB1F-4CF2-BD2D-578D23D7A7EA}.Release|Any CPU.Build.0 = Release|Any CPU
		{E45626CD-28CD-4313-910C-83AE237AB1CC}.Debug|Any CPU.ActiveCfg = Debug|Any CPU
		{E45626CD-28CD-4313-910C-83AE237AB1CC}.Debug|Any CPU.Build.0 = Debug|Any CPU
		{E45626CD-28CD-4313-910C-83AE237AB1CC}.Release|Any CPU.ActiveCfg = Release|Any CPU
		{E45626CD-28CD-4313-910C-83AE237AB1CC}.Release|Any CPU.Build.0 = Release|Any CPU
		{EE75BE5D-5FD0-4BFD-A961-12A0CE910C02}.Debug|Any CPU.ActiveCfg = Debug|Any CPU
		{EE75BE5D-5FD0-4BFD-A961-12A0CE910C02}.Debug|Any CPU.Build.0 = Debug|Any CPU
		{EE75BE5D-5FD0-4BFD-A961-12A0CE910C02}.Release|Any CPU.ActiveCfg = Release|Any CPU
		{EE75BE5D-5FD0-4BFD-A961-12A0CE910C02}.Release|Any CPU.Build.0 = Release|Any CPU
		{145616B2-3562-460C-8F25-08AD5DC7E511}.Debug|Any CPU.ActiveCfg = Debug|Any CPU
		{145616B2-3562-460C-8F25-08AD5DC7E511}.Debug|Any CPU.Build.0 = Debug|Any CPU
		{145616B2-3562-460C-8F25-08AD5DC7E511}.Release|Any CPU.ActiveCfg = Release|Any CPU
		{145616B2-3562-460C-8F25-08AD5DC7E511}.Release|Any CPU.Build.0 = Release|Any CPU
		{65DD4DA8-E860-4297-9B6B-2F2C7C8EADB5}.Debug|Any CPU.ActiveCfg = Debug|Any CPU
		{65DD4DA8-E860-4297-9B6B-2F2C7C8EADB5}.Debug|Any CPU.Build.0 = Debug|Any CPU
		{65DD4DA8-E860-4297-9B6B-2F2C7C8EADB5}.Release|Any CPU.ActiveCfg = Release|Any CPU
		{65DD4DA8-E860-4297-9B6B-2F2C7C8EADB5}.Release|Any CPU.Build.0 = Release|Any CPU
		{228E8B4B-31AA-4F91-B167-BD2FDA23B993}.Debug|Any CPU.ActiveCfg = Debug|Any CPU
		{228E8B4B-31AA-4F91-B167-BD2FDA23B993}.Debug|Any CPU.Build.0 = Debug|Any CPU
		{228E8B4B-31AA-4F91-B167-BD2FDA23B993}.Release|Any CPU.ActiveCfg = Release|Any CPU
		{228E8B4B-31AA-4F91-B167-BD2FDA23B993}.Release|Any CPU.Build.0 = Release|Any CPU
		{3A707E77-7CCD-489C-9EDF-D0DA1EC1410D}.Debug|Any CPU.ActiveCfg = Debug|Any CPU
		{3A707E77-7CCD-489C-9EDF-D0DA1EC1410D}.Debug|Any CPU.Build.0 = Debug|Any CPU
		{3A707E77-7CCD-489C-9EDF-D0DA1EC1410D}.Release|Any CPU.ActiveCfg = Release|Any CPU
		{3A707E77-7CCD-489C-9EDF-D0DA1EC1410D}.Release|Any CPU.Build.0 = Release|Any CPU
		{58184F25-7D04-4424-B5D0-6F6AB25BBD3D}.Debug|Any CPU.ActiveCfg = Debug|Any CPU
		{58184F25-7D04-4424-B5D0-6F6AB25BBD3D}.Debug|Any CPU.Build.0 = Debug|Any CPU
		{58184F25-7D04-4424-B5D0-6F6AB25BBD3D}.Release|Any CPU.ActiveCfg = Release|Any CPU
		{58184F25-7D04-4424-B5D0-6F6AB25BBD3D}.Release|Any CPU.Build.0 = Release|Any CPU
	EndGlobalSection
	GlobalSection(SolutionProperties) = preSolution
		HideSolutionNode = FALSE
	EndGlobalSection
	GlobalSection(ExtensibilityGlobals) = postSolution
		SolutionGuid = {40A914DE-9E34-45C5-8E59-3E2F80FAD77C}
	EndGlobalSection
EndGlobal
